
Microsoft Visual Studio Solution File, Format Version 12.00
# Visual Studio Version 17
VisualStudioVersion = 17.7.34031.279
MinimumVisualStudioVersion = 10.0.40219.1
Project("{FAE04EC0-301F-11D3-BF4B-00C04F79EFBC}") = "My MediaPlayer", "My MediaPlayer\My MediaPlayer.csproj", "{26391516-62D2-43F9-9A98-252153D3A99E}"
EndProject
Global
	GlobalSection(SolutionConfigurationPlatforms) = preSolution
		Debug|Any CPU = Debug|Any CPU
		Release|Any CPU = Release|Any CPU
	EndGlobalSection
	GlobalSection(ProjectConfigurationPlatforms) = postSolution
		{26391516-62D2-43F9-9A98-252153D3A99E}.Debug|Any CPU.ActiveCfg = Debug|Any CPU
		{26391516-62D2-43F9-9A98-252153D3A99E}.Debug|Any CPU.Build.0 = Debug|Any CPU
		{26391516-62D2-43F9-9A98-252153D3A99E}.Release|Any CPU.ActiveCfg = Release|Any CPU
		{26391516-62D2-43F9-9A98-252153D3A99E}.Release|Any CPU.Build.0 = Release|Any CPU
	EndGlobalSection
	GlobalSection(SolutionProperties) = preSolution
		HideSolutionNode = FALSE
	EndGlobalSection
	GlobalSection(ExtensibilityGlobals) = postSolution
		SolutionGuid = {7B9E9697-D3CD-48F5-9257-AC79604DC16C}
	EndGlobalSection
EndGlobal
